
Microsoft Visual Studio Solution File, Format Version 12.00
# Visual Studio Version 16
VisualStudioVersion = 16.0.31424.327
MinimumVisualStudioVersion = 10.0.40219.1
Project("{FAE04EC0-301F-11D3-BF4B-00C04F79EFBC}") = "UnlimitedShades", "UnlimitedShades.csproj", "{57B4C500-D239-4400-A1F9-4A65B5821C98}"
EndProject
Global
	GlobalSection(SolutionConfigurationPlatforms) = preSolution
		Debug|Any CPU = Debug|Any CPU
		Release|Any CPU = Release|Any CPU
	EndGlobalSection
	GlobalSection(ProjectConfigurationPlatforms) = postSolution
		{57B4C500-D239-4400-A1F9-4A65B5821C98}.Debug|Any CPU.ActiveCfg = Debug|Any CPU
		{57B4C500-D239-4400-A1F9-4A65B5821C98}.Debug|Any CPU.Build.0 = Debug|Any CPU
		{57B4C500-D239-4400-A1F9-4A65B5821C98}.Release|Any CPU.ActiveCfg = Release|Any CPU
		{57B4C500-D239-4400-A1F9-4A65B5821C98}.Release|Any CPU.Build.0 = Release|Any CPU
	EndGlobalSection
	GlobalSection(SolutionProperties) = preSolution
		HideSolutionNode = FALSE
	EndGlobalSection
	GlobalSection(ExtensibilityGlobals) = postSolution
		SolutionGuid = {8DC4EA39-74DC-43C4-AE7F-2E18AD75DF24}
	EndGlobalSection
EndGlobal
